
Microsoft Visual Studio Solution File, Format Version 12.00
Project("{FAE04EC0-301F-11D3-BF4B-00C04F79EFBC}") = "PER", "PER\PER.csproj", "{6D74AFA9-DC3C-4EB1-8378-B58CEA4B3FC7}"
EndProject
Project("{FAE04EC0-301F-11D3-BF4B-00C04F79EFBC}") = "PER.Abstractions", "PER.Abstractions\PER.Abstractions.csproj", "{C2D8579F-085A-4BC3-96C4-351E74B61F93}"
EndProject
Project("{FAE04EC0-301F-11D3-BF4B-00C04F79EFBC}") = "PER.Audio", "PER.Audio\PER.Audio.csproj", "{6BA8323D-F665-47B7-9E9A-6EF2D0F4BA4F}"
EndProject
Project("{FAE04EC0-301F-11D3-BF4B-00C04F79EFBC}") = "PER.Common", "PER.Common\PER.Common.csproj", "{2407DEA5-3F5E-4380-8DA8-7EDD0A2D01F2}"
EndProject
Project("{FAE04EC0-301F-11D3-BF4B-00C04F79EFBC}") = "PER.Demo", "PER.Demo\PER.Demo.csproj", "{337485CF-63E1-4C2F-AA97-4492B576F157}"
EndProject
Project("{FAE04EC0-301F-11D3-BF4B-00C04F79EFBC}") = "PER.Util", "PER.Util\PER.Util.csproj", "{C8F3DB5C-F4DF-4DC6-A337-2E854ECDA277}"
EndProject
Project("{FAE04EC0-301F-11D3-BF4B-00C04F79EFBC}") = "PRR", "PRR\PRR.csproj", "{180FC56A-C2D7-4A7F-96FC-CB3195147657}"
EndProject
Project("{FAE04EC0-301F-11D3-BF4B-00C04F79EFBC}") = "PRR.UI", "PRR.UI\PRR.UI.csproj", "{87CD4E4F-4392-4237-863F-84C51E67F009}"
EndProject
Project("{2150E333-8FDC-42A3-9474-1A3956D46DE8}") = "Solution Folder", "Solution Folder", "{F8FD3226-0139-4B06-A739-95A73260807A}"
	ProjectSection(SolutionItems) = preProject
		.editorconfig = .editorconfig
		.gitattributes = .gitattributes
		.gitignore = .gitignore
		LICENSE.md = LICENSE.md
	EndProjectSection
EndProject
Global
	GlobalSection(SolutionConfigurationPlatforms) = preSolution
		Debug|Any CPU = Debug|Any CPU
		Release|Any CPU = Release|Any CPU
	EndGlobalSection
	GlobalSection(ProjectConfigurationPlatforms) = postSolution
		{6D74AFA9-DC3C-4EB1-8378-B58CEA4B3FC7}.Debug|Any CPU.ActiveCfg = Debug|Any CPU
		{6D74AFA9-DC3C-4EB1-8378-B58CEA4B3FC7}.Debug|Any CPU.Build.0 = Debug|Any CPU
		{6D74AFA9-DC3C-4EB1-8378-B58CEA4B3FC7}.Release|Any CPU.ActiveCfg = Release|Any CPU
		{6D74AFA9-DC3C-4EB1-8378-B58CEA4B3FC7}.Release|Any CPU.Build.0 = Release|Any CPU
		{C2D8579F-085A-4BC3-96C4-351E74B61F93}.Debug|Any CPU.ActiveCfg = Debug|Any CPU
		{C2D8579F-085A-4BC3-96C4-351E74B61F93}.Debug|Any CPU.Build.0 = Debug|Any CPU
		{C2D8579F-085A-4BC3-96C4-351E74B61F93}.Release|Any CPU.ActiveCfg = Release|Any CPU
		{C2D8579F-085A-4BC3-96C4-351E74B61F93}.Release|Any CPU.Build.0 = Release|Any CPU
		{6BA8323D-F665-47B7-9E9A-6EF2D0F4BA4F}.Debug|Any CPU.ActiveCfg = Debug|Any CPU
		{6BA8323D-F665-47B7-9E9A-6EF2D0F4BA4F}.Debug|Any CPU.Build.0 = Debug|Any CPU
		{6BA8323D-F665-47B7-9E9A-6EF2D0F4BA4F}.Release|Any CPU.ActiveCfg = Release|Any CPU
		{6BA8323D-F665-47B7-9E9A-6EF2D0F4BA4F}.Release|Any CPU.Build.0 = Release|Any CPU
		{2407DEA5-3F5E-4380-8DA8-7EDD0A2D01F2}.Debug|Any CPU.ActiveCfg = Debug|Any CPU
		{2407DEA5-3F5E-4380-8DA8-7EDD0A2D01F2}.Debug|Any CPU.Build.0 = Debug|Any CPU
		{2407DEA5-3F5E-4380-8DA8-7EDD0A2D01F2}.Release|Any CPU.ActiveCfg = Release|Any CPU
		{2407DEA5-3F5E-4380-8DA8-7EDD0A2D01F2}.Release|Any CPU.Build.0 = Release|Any CPU
		{337485CF-63E1-4C2F-AA97-4492B576F157}.Debug|Any CPU.ActiveCfg = Debug|Any CPU
		{337485CF-63E1-4C2F-AA97-4492B576F157}.Debug|Any CPU.Build.0 = Debug|Any CPU
		{337485CF-63E1-4C2F-AA97-4492B576F157}.Release|Any CPU.ActiveCfg = Release|Any CPU
		{337485CF-63E1-4C2F-AA97-4492B576F157}.Release|Any CPU.Build.0 = Release|Any CPU
		{C8F3DB5C-F4DF-4DC6-A337-2E854ECDA277}.Debug|Any CPU.ActiveCfg = Debug|Any CPU
		{C8F3DB5C-F4DF-4DC6-A337-2E854ECDA277}.Debug|Any CPU.Build.0 = Debug|Any CPU
		{C8F3DB5C-F4DF-4DC6-A337-2E854ECDA277}.Release|Any CPU.ActiveCfg = Release|Any CPU
		{C8F3DB5C-F4DF-4DC6-A337-2E854ECDA277}.Release|Any CPU.Build.0 = Release|Any CPU
		{180FC56A-C2D7-4A7F-96FC-CB3195147657}.Debug|Any CPU.ActiveCfg = Debug|Any CPU
		{180FC56A-C2D7-4A7F-96FC-CB3195147657}.Debug|Any CPU.Build.0 = Debug|Any CPU
		{180FC56A-C2D7-4A7F-96FC-CB3195147657}.Release|Any CPU.ActiveCfg = Release|Any CPU
		{180FC56A-C2D7-4A7F-96FC-CB3195147657}.Release|Any CPU.Build.0 = Release|Any CPU
		{87CD4E4F-4392-4237-863F-84C51E67F009}.Debug|Any CPU.ActiveCfg = Debug|Any CPU
		{87CD4E4F-4392-4237-863F-84C51E67F009}.Debug|Any CPU.Build.0 = Debug|Any CPU
		{87CD4E4F-4392-4237-863F-84C51E67F009}.Release|Any CPU.ActiveCfg = Release|Any CPU
		{87CD4E4F-4392-4237-863F-84C51E67F009}.Release|Any CPU.Build.0 = Release|Any CPU
	EndGlobalSection
EndGlobal
